
Microsoft Visual Studio Solution File, Format Version 12.00
# Visual Studio 2012
Project("{8BC9CEB8-8B4A-11D0-8D11-00A0C91BC942}") = "Igneel.PhysX", "Igneel.PhysX\Igneel.PhysX.vcxproj", "{E5BBA35A-934C-4EEE-9661-1856D75BD17E}"
EndProject
Project("{8BC9CEB8-8B4A-11D0-8D11-00A0C91BC942}") = "Igneel.DirectInput", "Igneel.DirectInput\Igneel.DirectInput.vcxproj", "{A362AEC8-E216-43BF-93E6-538803922F97}"
EndProject
Project("{FAE04EC0-301F-11D3-BF4B-00C04F79EFBC}") = "D3D10Testing", "D3D9Testing\D3D10Testing.csproj", "{8C9668C8-818F-4D67-A7A7-6CF7ED449BEC}"
EndProject
Project("{8BC9CEB8-8B4A-11D0-8D11-00A0C91BC942}") = "Igneel.D3D10", "Igneel.D3D10\Igneel.D3D10.vcxproj", "{1D50D623-393E-442C-9A4A-CF17133E349C}"
EndProject
Project("{FAE04EC0-301F-11D3-BF4B-00C04F79EFBC}") = "Igneel.Windows.Forms", "Igneel.Windows.Forms\Igneel.Windows.Forms.csproj", "{A3D5D202-89FE-4E14-A91C-5F822799D92B}"
EndProject
Project("{FAE04EC0-301F-11D3-BF4B-00C04F79EFBC}") = "Igneel.Windows.Wpf", "Igneel.Windows.Wpf\Igneel.Windows.Wpf.csproj", "{FEA5D314-EB1F-4CB7-A199-055C20FD01BC}"
EndProject
Project("{8BC9CEB8-8B4A-11D0-8D11-00A0C91BC942}") = "Shaders.D3D10", "ShaderCompiler\Shaders.D3D10\Shaders.D3D10\Shaders.D3D10.vcxproj", "{EABEA70C-A5D1-4D08-A981-CDCF5DEE221F}"
EndProject
Project("{FAE04EC0-301F-11D3-BF4B-00C04F79EFBC}") = "Igneel.Windows", "Igneel.Windows\Igneel.Windows.csproj", "{8B1A1553-D47C-4A98-AD2C-11F3B38BC74A}"
EndProject
Project("{FAE04EC0-301F-11D3-BF4B-00C04F79EFBC}") = "Igneel.OpenGLES2", "Igneel.OpenGLES2\Igneel.OpenGLES2.csproj", "{1CD9060C-AE0A-4B77-BE61-A1A45E119C90}"
EndProject
Project("{FAE04EC0-301F-11D3-BF4B-00C04F79EFBC}") = "Ignee.Compiling", "HLSLCompiler\Ignee.Compiling.csproj", "{CAB901C0-7A4E-4F0F-B27D-2B5E73548329}"
EndProject
Project("{FAE04EC0-301F-11D3-BF4B-00C04F79EFBC}") = "Ignee.Compiling.Test", "Ignee.Compiling.Test\Ignee.Compiling.Test.csproj", "{D8148537-BAE2-46E2-ACD4-549292F61D0C}"
EndProject
Project("{FAE04EC0-301F-11D3-BF4B-00C04F79EFBC}") = "Igneel.Math", "Igneel.Math\Igneel.Math.csproj", "{AC47C0D4-B22A-4CED-B06B-50B828D56B07}"
EndProject
Project("{FAE04EC0-301F-11D3-BF4B-00C04F79EFBC}") = "Igneel.Graphics", "Igneel.Graphics\Igneel.Graphics.csproj", "{2A7C0792-7F47-4B07-A665-56AB6BF15F71}"
EndProject
Project("{FAE04EC0-301F-11D3-BF4B-00C04F79EFBC}") = "Igneel.Scenering", "Igneel.Scening\Igneel.Scenering.csproj", "{228F60E4-4AAA-44F9-9A85-334192BD1897}"
EndProject
Project("{FAE04EC0-301F-11D3-BF4B-00C04F79EFBC}") = "Igneel.Animations", "Igneel.Animations\Igneel.Animations.csproj", "{E466AB9B-9457-422E-BBA7-0AA52F9535D3}"
EndProject
Project("{FAE04EC0-301F-11D3-BF4B-00C04F79EFBC}") = "Igneel.Physics", "Igneel.Physics\Igneel.Physics.csproj", "{7D76EB73-4742-45C7-84A6-F50B9961D874}"
EndProject
Project("{2150E333-8FDC-42A3-9474-1A3956D46DE8}") = "Engine", "Engine", "{02DAD418-5D0C-4D52-AA75-43B804638325}"
EndProject
Project("{FAE04EC0-301F-11D3-BF4B-00C04F79EFBC}") = "Igneel.Rendering", "Igneel.Rendering\Igneel.Rendering.csproj", "{185F3662-2F7F-4945-9156-9AAB127281AB}"
EndProject
Project("{FAE04EC0-301F-11D3-BF4B-00C04F79EFBC}") = "Igneel.Shared", "Igneel.Shared\Igneel.Shared.csproj", "{23B14551-20D5-437F-BC17-BA70EA50184D}"
EndProject
Project("{FAE04EC0-301F-11D3-BF4B-00C04F79EFBC}") = "Igneel.Assets", "Igneel.Assets\Igneel.Assets.csproj", "{C7C6AF7B-9770-45B7-9105-877C4A5DCED0}"
EndProject
Project("{FAE04EC0-301F-11D3-BF4B-00C04F79EFBC}") = "Igneel.Core", "Igneel.Core\Igneel.Core.csproj", "{FE38226C-E9E7-4461-AD14-B14369255A9C}"
EndProject
Project("{FAE04EC0-301F-11D3-BF4B-00C04F79EFBC}") = "Igneel.IA", "Igneel.IA\Igneel.IA.csproj", "{B177088B-C1D6-42D0-A71D-4EC3A965AA9E}"
EndProject
Project("{FAE04EC0-301F-11D3-BF4B-00C04F79EFBC}") = "Igneel.Input", "Igneel.Input\Igneel.Input.csproj", "{606FDB3F-628E-4D48-9735-3A6F54F1B010}"
EndProject
Project("{FAE04EC0-301F-11D3-BF4B-00C04F79EFBC}") = "Igneel.Controllers", "Igneel.Controllers\Igneel.Controllers.csproj", "{CDB6769F-AC2F-472A-BAA2-E4534D4A8131}"
EndProject
Project("{FAE04EC0-301F-11D3-BF4B-00C04F79EFBC}") = "Igneel.Importers", "Igneel.Inporters\Igneel.Importers.csproj", "{3333620B-E4AA-48FA-AC9E-FAD97B1C17ED}"
EndProject
Project("{2150E333-8FDC-42A3-9474-1A3956D46DE8}") = "Implementations", "Implementations", "{32F8D547-DA97-4431-83B5-B09E139573C7}"
EndProject
Global
	GlobalSection(SolutionConfigurationPlatforms) = preSolution
		Debug|Any CPU = Debug|Any CPU
		Debug|Mixed Platforms = Debug|Mixed Platforms
		Debug|Win32 = Debug|Win32
		Debug|x86 = Debug|x86
		Release|Any CPU = Release|Any CPU
		Release|Mixed Platforms = Release|Mixed Platforms
		Release|Win32 = Release|Win32
		Release|x86 = Release|x86
	EndGlobalSection
	GlobalSection(ProjectConfigurationPlatforms) = postSolution
		{E5BBA35A-934C-4EEE-9661-1856D75BD17E}.Debug|Any CPU.ActiveCfg = Debug|Win32
		{E5BBA35A-934C-4EEE-9661-1856D75BD17E}.Debug|Mixed Platforms.ActiveCfg = Debug|Win32
		{E5BBA35A-934C-4EEE-9661-1856D75BD17E}.Debug|Mixed Platforms.Build.0 = Debug|Win32
		{E5BBA35A-934C-4EEE-9661-1856D75BD17E}.Debug|Win32.ActiveCfg = Debug|Win32
		{E5BBA35A-934C-4EEE-9661-1856D75BD17E}.Debug|Win32.Build.0 = Debug|Win32
		{E5BBA35A-934C-4EEE-9661-1856D75BD17E}.Debug|x86.ActiveCfg = Debug|Win32
		{E5BBA35A-934C-4EEE-9661-1856D75BD17E}.Debug|x86.Build.0 = Debug|Win32
		{E5BBA35A-934C-4EEE-9661-1856D75BD17E}.Release|Any CPU.ActiveCfg = Release|Win32
		{E5BBA35A-934C-4EEE-9661-1856D75BD17E}.Release|Mixed Platforms.ActiveCfg = Release|Win32
		{E5BBA35A-934C-4EEE-9661-1856D75BD17E}.Release|Mixed Platforms.Build.0 = Release|Win32
		{E5BBA35A-934C-4EEE-9661-1856D75BD17E}.Release|Win32.ActiveCfg = Release|Win32
		{E5BBA35A-934C-4EEE-9661-1856D75BD17E}.Release|Win32.Build.0 = Release|Win32
		{E5BBA35A-934C-4EEE-9661-1856D75BD17E}.Release|x86.ActiveCfg = Release|Win32
		{E5BBA35A-934C-4EEE-9661-1856D75BD17E}.Release|x86.Build.0 = Release|Win32
		{A362AEC8-E216-43BF-93E6-538803922F97}.Debug|Any CPU.ActiveCfg = Debug|Win32
		{A362AEC8-E216-43BF-93E6-538803922F97}.Debug|Mixed Platforms.ActiveCfg = Debug|Win32
		{A362AEC8-E216-43BF-93E6-538803922F97}.Debug|Mixed Platforms.Build.0 = Debug|Win32
		{A362AEC8-E216-43BF-93E6-538803922F97}.Debug|Win32.ActiveCfg = Debug|Win32
		{A362AEC8-E216-43BF-93E6-538803922F97}.Debug|Win32.Build.0 = Debug|Win32
		{A362AEC8-E216-43BF-93E6-538803922F97}.Debug|x86.ActiveCfg = Debug|Win32
		{A362AEC8-E216-43BF-93E6-538803922F97}.Debug|x86.Build.0 = Debug|Win32
		{A362AEC8-E216-43BF-93E6-538803922F97}.Release|Any CPU.ActiveCfg = Release|Win32
		{A362AEC8-E216-43BF-93E6-538803922F97}.Release|Mixed Platforms.ActiveCfg = Release|Win32
		{A362AEC8-E216-43BF-93E6-538803922F97}.Release|Mixed Platforms.Build.0 = Release|Win32
		{A362AEC8-E216-43BF-93E6-538803922F97}.Release|Win32.ActiveCfg = Release|Win32
		{A362AEC8-E216-43BF-93E6-538803922F97}.Release|Win32.Build.0 = Release|Win32
		{A362AEC8-E216-43BF-93E6-538803922F97}.Release|x86.ActiveCfg = Release|Win32
		{A362AEC8-E216-43BF-93E6-538803922F97}.Release|x86.Build.0 = Release|Win32
		{8C9668C8-818F-4D67-A7A7-6CF7ED449BEC}.Debug|Any CPU.ActiveCfg = Debug|Any CPU
		{8C9668C8-818F-4D67-A7A7-6CF7ED449BEC}.Debug|Any CPU.Build.0 = Debug|Any CPU
		{8C9668C8-818F-4D67-A7A7-6CF7ED449BEC}.Debug|Mixed Platforms.ActiveCfg = Debug|Any CPU
		{8C9668C8-818F-4D67-A7A7-6CF7ED449BEC}.Debug|Mixed Platforms.Build.0 = Debug|Any CPU
		{8C9668C8-818F-4D67-A7A7-6CF7ED449BEC}.Debug|Win32.ActiveCfg = Debug|Any CPU
		{8C9668C8-818F-4D67-A7A7-6CF7ED449BEC}.Debug|x86.ActiveCfg = Debug|Any CPU
		{8C9668C8-818F-4D67-A7A7-6CF7ED449BEC}.Release|Any CPU.ActiveCfg = Release|Any CPU
		{8C9668C8-818F-4D67-A7A7-6CF7ED449BEC}.Release|Any CPU.Build.0 = Release|Any CPU
		{8C9668C8-818F-4D67-A7A7-6CF7ED449BEC}.Release|Mixed Platforms.ActiveCfg = Release|Any CPU
		{8C9668C8-818F-4D67-A7A7-6CF7ED449BEC}.Release|Mixed Platforms.Build.0 = Release|Any CPU
		{8C9668C8-818F-4D67-A7A7-6CF7ED449BEC}.Release|Win32.ActiveCfg = Release|Any CPU
		{8C9668C8-818F-4D67-A7A7-6CF7ED449BEC}.Release|x86.ActiveCfg = Release|Any CPU
		{1D50D623-393E-442C-9A4A-CF17133E349C}.Debug|Any CPU.ActiveCfg = Debug|Win32
		{1D50D623-393E-442C-9A4A-CF17133E349C}.Debug|Mixed Platforms.ActiveCfg = Debug|Win32
		{1D50D623-393E-442C-9A4A-CF17133E349C}.Debug|Mixed Platforms.Build.0 = Debug|Win32
		{1D50D623-393E-442C-9A4A-CF17133E349C}.Debug|Win32.ActiveCfg = Debug|Win32
		{1D50D623-393E-442C-9A4A-CF17133E349C}.Debug|Win32.Build.0 = Debug|Win32
		{1D50D623-393E-442C-9A4A-CF17133E349C}.Debug|x86.ActiveCfg = Debug|Win32
		{1D50D623-393E-442C-9A4A-CF17133E349C}.Debug|x86.Build.0 = Debug|Win32
		{1D50D623-393E-442C-9A4A-CF17133E349C}.Release|Any CPU.ActiveCfg = Release|Win32
		{1D50D623-393E-442C-9A4A-CF17133E349C}.Release|Mixed Platforms.ActiveCfg = Release|Win32
		{1D50D623-393E-442C-9A4A-CF17133E349C}.Release|Mixed Platforms.Build.0 = Release|Win32
		{1D50D623-393E-442C-9A4A-CF17133E349C}.Release|Win32.ActiveCfg = Release|Win32
		{1D50D623-393E-442C-9A4A-CF17133E349C}.Release|Win32.Build.0 = Release|Win32
		{1D50D623-393E-442C-9A4A-CF17133E349C}.Release|x86.ActiveCfg = Release|Win32
		{1D50D623-393E-442C-9A4A-CF17133E349C}.Release|x86.Build.0 = Release|Win32
		{A3D5D202-89FE-4E14-A91C-5F822799D92B}.Debug|Any CPU.ActiveCfg = Debug|Any CPU
		{A3D5D202-89FE-4E14-A91C-5F822799D92B}.Debug|Any CPU.Build.0 = Debug|Any CPU
		{A3D5D202-89FE-4E14-A91C-5F822799D92B}.Debug|Mixed Platforms.ActiveCfg = Debug|Any CPU
		{A3D5D202-89FE-4E14-A91C-5F822799D92B}.Debug|Mixed Platforms.Build.0 = Debug|Any CPU
		{A3D5D202-89FE-4E14-A91C-5F822799D92B}.Debug|Win32.ActiveCfg = Debug|Any CPU
		{A3D5D202-89FE-4E14-A91C-5F822799D92B}.Debug|x86.ActiveCfg = Debug|Any CPU
		{A3D5D202-89FE-4E14-A91C-5F822799D92B}.Release|Any CPU.ActiveCfg = Release|Any CPU
		{A3D5D202-89FE-4E14-A91C-5F822799D92B}.Release|Any CPU.Build.0 = Release|Any CPU
		{A3D5D202-89FE-4E14-A91C-5F822799D92B}.Release|Mixed Platforms.ActiveCfg = Release|Any CPU
		{A3D5D202-89FE-4E14-A91C-5F822799D92B}.Release|Mixed Platforms.Build.0 = Release|Any CPU
		{A3D5D202-89FE-4E14-A91C-5F822799D92B}.Release|Win32.ActiveCfg = Release|Any CPU
		{A3D5D202-89FE-4E14-A91C-5F822799D92B}.Release|x86.ActiveCfg = Release|Any CPU
		{FEA5D314-EB1F-4CB7-A199-055C20FD01BC}.Debug|Any CPU.ActiveCfg = Debug|Any CPU
		{FEA5D314-EB1F-4CB7-A199-055C20FD01BC}.Debug|Any CPU.Build.0 = Debug|Any CPU
		{FEA5D314-EB1F-4CB7-A199-055C20FD01BC}.Debug|Mixed Platforms.ActiveCfg = Debug|Any CPU
		{FEA5D314-EB1F-4CB7-A199-055C20FD01BC}.Debug|Mixed Platforms.Build.0 = Debug|Any CPU
		{FEA5D314-EB1F-4CB7-A199-055C20FD01BC}.Debug|Win32.ActiveCfg = Debug|Any CPU
		{FEA5D314-EB1F-4CB7-A199-055C20FD01BC}.Debug|x86.ActiveCfg = Debug|Any CPU
		{FEA5D314-EB1F-4CB7-A199-055C20FD01BC}.Release|Any CPU.ActiveCfg = Release|Any CPU
		{FEA5D314-EB1F-4CB7-A199-055C20FD01BC}.Release|Any CPU.Build.0 = Release|Any CPU
		{FEA5D314-EB1F-4CB7-A199-055C20FD01BC}.Release|Mixed Platforms.ActiveCfg = Release|Any CPU
		{FEA5D314-EB1F-4CB7-A199-055C20FD01BC}.Release|Mixed Platforms.Build.0 = Release|Any CPU
		{FEA5D314-EB1F-4CB7-A199-055C20FD01BC}.Release|Win32.ActiveCfg = Release|Any CPU
		{FEA5D314-EB1F-4CB7-A199-055C20FD01BC}.Release|x86.ActiveCfg = Release|Any CPU
		{EABEA70C-A5D1-4D08-A981-CDCF5DEE221F}.Debug|Any CPU.ActiveCfg = Debug|Win32
		{EABEA70C-A5D1-4D08-A981-CDCF5DEE221F}.Debug|Mixed Platforms.ActiveCfg = Debug|Win32
		{EABEA70C-A5D1-4D08-A981-CDCF5DEE221F}.Debug|Mixed Platforms.Build.0 = Debug|Win32
		{EABEA70C-A5D1-4D08-A981-CDCF5DEE221F}.Debug|Win32.ActiveCfg = Debug|Win32
		{EABEA70C-A5D1-4D08-A981-CDCF5DEE221F}.Debug|Win32.Build.0 = Debug|Win32
		{EABEA70C-A5D1-4D08-A981-CDCF5DEE221F}.Debug|x86.ActiveCfg = Debug|Win32
		{EABEA70C-A5D1-4D08-A981-CDCF5DEE221F}.Debug|x86.Build.0 = Debug|Win32
		{EABEA70C-A5D1-4D08-A981-CDCF5DEE221F}.Release|Any CPU.ActiveCfg = Release|Win32
		{EABEA70C-A5D1-4D08-A981-CDCF5DEE221F}.Release|Mixed Platforms.ActiveCfg = Release|Win32
		{EABEA70C-A5D1-4D08-A981-CDCF5DEE221F}.Release|Mixed Platforms.Build.0 = Release|Win32
		{EABEA70C-A5D1-4D08-A981-CDCF5DEE221F}.Release|Win32.ActiveCfg = Release|Win32
		{EABEA70C-A5D1-4D08-A981-CDCF5DEE221F}.Release|Win32.Build.0 = Release|Win32
		{EABEA70C-A5D1-4D08-A981-CDCF5DEE221F}.Release|x86.ActiveCfg = Release|Win32
		{EABEA70C-A5D1-4D08-A981-CDCF5DEE221F}.Release|x86.Build.0 = Release|Win32
		{8B1A1553-D47C-4A98-AD2C-11F3B38BC74A}.Debug|Any CPU.ActiveCfg = Debug|Any CPU
		{8B1A1553-D47C-4A98-AD2C-11F3B38BC74A}.Debug|Any CPU.Build.0 = Debug|Any CPU
		{8B1A1553-D47C-4A98-AD2C-11F3B38BC74A}.Debug|Mixed Platforms.ActiveCfg = Debug|Any CPU
		{8B1A1553-D47C-4A98-AD2C-11F3B38BC74A}.Debug|Mixed Platforms.Build.0 = Debug|Any CPU
		{8B1A1553-D47C-4A98-AD2C-11F3B38BC74A}.Debug|Win32.ActiveCfg = Debug|Any CPU
		{8B1A1553-D47C-4A98-AD2C-11F3B38BC74A}.Debug|x86.ActiveCfg = Debug|Any CPU
		{8B1A1553-D47C-4A98-AD2C-11F3B38BC74A}.Release|Any CPU.ActiveCfg = Release|Any CPU
		{8B1A1553-D47C-4A98-AD2C-11F3B38BC74A}.Release|Any CPU.Build.0 = Release|Any CPU
		{8B1A1553-D47C-4A98-AD2C-11F3B38BC74A}.Release|Mixed Platforms.ActiveCfg = Release|Any CPU
		{8B1A1553-D47C-4A98-AD2C-11F3B38BC74A}.Release|Mixed Platforms.Build.0 = Release|Any CPU
		{8B1A1553-D47C-4A98-AD2C-11F3B38BC74A}.Release|Win32.ActiveCfg = Release|Any CPU
		{8B1A1553-D47C-4A98-AD2C-11F3B38BC74A}.Release|x86.ActiveCfg = Release|Any CPU
		{1CD9060C-AE0A-4B77-BE61-A1A45E119C90}.Debug|Any CPU.ActiveCfg = Debug|Any CPU
		{1CD9060C-AE0A-4B77-BE61-A1A45E119C90}.Debug|Any CPU.Build.0 = Debug|Any CPU
		{1CD9060C-AE0A-4B77-BE61-A1A45E119C90}.Debug|Mixed Platforms.ActiveCfg = Debug|Any CPU
		{1CD9060C-AE0A-4B77-BE61-A1A45E119C90}.Debug|Mixed Platforms.Build.0 = Debug|Any CPU
		{1CD9060C-AE0A-4B77-BE61-A1A45E119C90}.Debug|Win32.ActiveCfg = Debug|Any CPU
		{1CD9060C-AE0A-4B77-BE61-A1A45E119C90}.Debug|x86.ActiveCfg = Debug|Any CPU
		{1CD9060C-AE0A-4B77-BE61-A1A45E119C90}.Release|Any CPU.ActiveCfg = Release|Any CPU
		{1CD9060C-AE0A-4B77-BE61-A1A45E119C90}.Release|Any CPU.Build.0 = Release|Any CPU
		{1CD9060C-AE0A-4B77-BE61-A1A45E119C90}.Release|Mixed Platforms.ActiveCfg = Release|Any CPU
		{1CD9060C-AE0A-4B77-BE61-A1A45E119C90}.Release|Mixed Platforms.Build.0 = Release|Any CPU
		{1CD9060C-AE0A-4B77-BE61-A1A45E119C90}.Release|Win32.ActiveCfg = Release|Any CPU
		{1CD9060C-AE0A-4B77-BE61-A1A45E119C90}.Release|x86.ActiveCfg = Release|Any CPU
		{CAB901C0-7A4E-4F0F-B27D-2B5E73548329}.Debug|Any CPU.ActiveCfg = Debug|Any CPU
		{CAB901C0-7A4E-4F0F-B27D-2B5E73548329}.Debug|Any CPU.Build.0 = Debug|Any CPU
		{CAB901C0-7A4E-4F0F-B27D-2B5E73548329}.Debug|Mixed Platforms.ActiveCfg = Debug|Any CPU
		{CAB901C0-7A4E-4F0F-B27D-2B5E73548329}.Debug|Mixed Platforms.Build.0 = Debug|Any CPU
		{CAB901C0-7A4E-4F0F-B27D-2B5E73548329}.Debug|Win32.ActiveCfg = Debug|Any CPU
		{CAB901C0-7A4E-4F0F-B27D-2B5E73548329}.Debug|x86.ActiveCfg = Debug|Any CPU
		{CAB901C0-7A4E-4F0F-B27D-2B5E73548329}.Release|Any CPU.ActiveCfg = Release|Any CPU
		{CAB901C0-7A4E-4F0F-B27D-2B5E73548329}.Release|Any CPU.Build.0 = Release|Any CPU
		{CAB901C0-7A4E-4F0F-B27D-2B5E73548329}.Release|Mixed Platforms.ActiveCfg = Release|Any CPU
		{CAB901C0-7A4E-4F0F-B27D-2B5E73548329}.Release|Mixed Platforms.Build.0 = Release|Any CPU
		{CAB901C0-7A4E-4F0F-B27D-2B5E73548329}.Release|Win32.ActiveCfg = Release|Any CPU
		{CAB901C0-7A4E-4F0F-B27D-2B5E73548329}.Release|x86.ActiveCfg = Release|Any CPU
		{D8148537-BAE2-46E2-ACD4-549292F61D0C}.Debug|Any CPU.ActiveCfg = Debug|Any CPU
		{D8148537-BAE2-46E2-ACD4-549292F61D0C}.Debug|Any CPU.Build.0 = Debug|Any CPU
		{D8148537-BAE2-46E2-ACD4-549292F61D0C}.Debug|Mixed Platforms.ActiveCfg = Debug|Any CPU
		{D8148537-BAE2-46E2-ACD4-549292F61D0C}.Debug|Mixed Platforms.Build.0 = Debug|Any CPU
		{D8148537-BAE2-46E2-ACD4-549292F61D0C}.Debug|Win32.ActiveCfg = Debug|Any CPU
		{D8148537-BAE2-46E2-ACD4-549292F61D0C}.Debug|x86.ActiveCfg = Debug|Any CPU
		{D8148537-BAE2-46E2-ACD4-549292F61D0C}.Release|Any CPU.ActiveCfg = Release|Any CPU
		{D8148537-BAE2-46E2-ACD4-549292F61D0C}.Release|Any CPU.Build.0 = Release|Any CPU
		{D8148537-BAE2-46E2-ACD4-549292F61D0C}.Release|Mixed Platforms.ActiveCfg = Release|Any CPU
		{D8148537-BAE2-46E2-ACD4-549292F61D0C}.Release|Mixed Platforms.Build.0 = Release|Any CPU
		{D8148537-BAE2-46E2-ACD4-549292F61D0C}.Release|Win32.ActiveCfg = Release|Any CPU
		{D8148537-BAE2-46E2-ACD4-549292F61D0C}.Release|x86.ActiveCfg = Release|Any CPU
		{AC47C0D4-B22A-4CED-B06B-50B828D56B07}.Debug|Any CPU.ActiveCfg = Debug|Any CPU
		{AC47C0D4-B22A-4CED-B06B-50B828D56B07}.Debug|Any CPU.Build.0 = Debug|Any CPU
		{AC47C0D4-B22A-4CED-B06B-50B828D56B07}.Debug|Mixed Platforms.ActiveCfg = Debug|Any CPU
		{AC47C0D4-B22A-4CED-B06B-50B828D56B07}.Debug|Mixed Platforms.Build.0 = Debug|Any CPU
		{AC47C0D4-B22A-4CED-B06B-50B828D56B07}.Debug|Win32.ActiveCfg = Debug|Any CPU
		{AC47C0D4-B22A-4CED-B06B-50B828D56B07}.Debug|x86.ActiveCfg = Debug|Any CPU
		{AC47C0D4-B22A-4CED-B06B-50B828D56B07}.Release|Any CPU.ActiveCfg = Release|Any CPU
		{AC47C0D4-B22A-4CED-B06B-50B828D56B07}.Release|Any CPU.Build.0 = Release|Any CPU
		{AC47C0D4-B22A-4CED-B06B-50B828D56B07}.Release|Mixed Platforms.ActiveCfg = Release|Any CPU
		{AC47C0D4-B22A-4CED-B06B-50B828D56B07}.Release|Mixed Platforms.Build.0 = Release|Any CPU
		{AC47C0D4-B22A-4CED-B06B-50B828D56B07}.Release|Win32.ActiveCfg = Release|Any CPU
		{AC47C0D4-B22A-4CED-B06B-50B828D56B07}.Release|x86.ActiveCfg = Release|Any CPU
		{2A7C0792-7F47-4B07-A665-56AB6BF15F71}.Debug|Any CPU.ActiveCfg = Debug|Any CPU
		{2A7C0792-7F47-4B07-A665-56AB6BF15F71}.Debug|Any CPU.Build.0 = Debug|Any CPU
		{2A7C0792-7F47-4B07-A665-56AB6BF15F71}.Debug|Mixed Platforms.ActiveCfg = Debug|Any CPU
		{2A7C0792-7F47-4B07-A665-56AB6BF15F71}.Debug|Mixed Platforms.Build.0 = Debug|Any CPU
		{2A7C0792-7F47-4B07-A665-56AB6BF15F71}.Debug|Win32.ActiveCfg = Debug|Any CPU
		{2A7C0792-7F47-4B07-A665-56AB6BF15F71}.Debug|x86.ActiveCfg = Debug|Any CPU
		{2A7C0792-7F47-4B07-A665-56AB6BF15F71}.Release|Any CPU.ActiveCfg = Release|Any CPU
		{2A7C0792-7F47-4B07-A665-56AB6BF15F71}.Release|Any CPU.Build.0 = Release|Any CPU
		{2A7C0792-7F47-4B07-A665-56AB6BF15F71}.Release|Mixed Platforms.ActiveCfg = Release|Any CPU
		{2A7C0792-7F47-4B07-A665-56AB6BF15F71}.Release|Mixed Platforms.Build.0 = Release|Any CPU
		{2A7C0792-7F47-4B07-A665-56AB6BF15F71}.Release|Win32.ActiveCfg = Release|Any CPU
		{2A7C0792-7F47-4B07-A665-56AB6BF15F71}.Release|x86.ActiveCfg = Release|Any CPU
		{228F60E4-4AAA-44F9-9A85-334192BD1897}.Debug|Any CPU.ActiveCfg = Debug|Any CPU
		{228F60E4-4AAA-44F9-9A85-334192BD1897}.Debug|Any CPU.Build.0 = Debug|Any CPU
		{228F60E4-4AAA-44F9-9A85-334192BD1897}.Debug|Mixed Platforms.ActiveCfg = Debug|Any CPU
		{228F60E4-4AAA-44F9-9A85-334192BD1897}.Debug|Mixed Platforms.Build.0 = Debug|Any CPU
		{228F60E4-4AAA-44F9-9A85-334192BD1897}.Debug|Win32.ActiveCfg = Debug|Any CPU
		{228F60E4-4AAA-44F9-9A85-334192BD1897}.Debug|x86.ActiveCfg = Debug|Any CPU
		{228F60E4-4AAA-44F9-9A85-334192BD1897}.Release|Any CPU.ActiveCfg = Release|Any CPU
		{228F60E4-4AAA-44F9-9A85-334192BD1897}.Release|Any CPU.Build.0 = Release|Any CPU
		{228F60E4-4AAA-44F9-9A85-334192BD1897}.Release|Mixed Platforms.ActiveCfg = Release|Any CPU
		{228F60E4-4AAA-44F9-9A85-334192BD1897}.Release|Mixed Platforms.Build.0 = Release|Any CPU
		{228F60E4-4AAA-44F9-9A85-334192BD1897}.Release|Win32.ActiveCfg = Release|Any CPU
		{228F60E4-4AAA-44F9-9A85-334192BD1897}.Release|x86.ActiveCfg = Release|Any CPU
		{E466AB9B-9457-422E-BBA7-0AA52F9535D3}.Debug|Any CPU.ActiveCfg = Debug|Any CPU
		{E466AB9B-9457-422E-BBA7-0AA52F9535D3}.Debug|Any CPU.Build.0 = Debug|Any CPU
		{E466AB9B-9457-422E-BBA7-0AA52F9535D3}.Debug|Mixed Platforms.ActiveCfg = Debug|Any CPU
		{E466AB9B-9457-422E-BBA7-0AA52F9535D3}.Debug|Mixed Platforms.Build.0 = Debug|Any CPU
		{E466AB9B-9457-422E-BBA7-0AA52F9535D3}.Debug|Win32.ActiveCfg = Debug|Any CPU
		{E466AB9B-9457-422E-BBA7-0AA52F9535D3}.Debug|x86.ActiveCfg = Debug|Any CPU
		{E466AB9B-9457-422E-BBA7-0AA52F9535D3}.Release|Any CPU.ActiveCfg = Release|Any CPU
		{E466AB9B-9457-422E-BBA7-0AA52F9535D3}.Release|Any CPU.Build.0 = Release|Any CPU
		{E466AB9B-9457-422E-BBA7-0AA52F9535D3}.Release|Mixed Platforms.ActiveCfg = Release|Any CPU
		{E466AB9B-9457-422E-BBA7-0AA52F9535D3}.Release|Mixed Platforms.Build.0 = Release|Any CPU
		{E466AB9B-9457-422E-BBA7-0AA52F9535D3}.Release|Win32.ActiveCfg = Release|Any CPU
		{E466AB9B-9457-422E-BBA7-0AA52F9535D3}.Release|x86.ActiveCfg = Release|Any CPU
		{7D76EB73-4742-45C7-84A6-F50B9961D874}.Debug|Any CPU.ActiveCfg = Debug|Any CPU
		{7D76EB73-4742-45C7-84A6-F50B9961D874}.Debug|Any CPU.Build.0 = Debug|Any CPU
		{7D76EB73-4742-45C7-84A6-F50B9961D874}.Debug|Mixed Platforms.ActiveCfg = Debug|Any CPU
		{7D76EB73-4742-45C7-84A6-F50B9961D874}.Debug|Mixed Platforms.Build.0 = Debug|Any CPU
		{7D76EB73-4742-45C7-84A6-F50B9961D874}.Debug|Win32.ActiveCfg = Debug|Any CPU
		{7D76EB73-4742-45C7-84A6-F50B9961D874}.Debug|x86.ActiveCfg = Debug|Any CPU
		{7D76EB73-4742-45C7-84A6-F50B9961D874}.Release|Any CPU.ActiveCfg = Release|Any CPU
		{7D76EB73-4742-45C7-84A6-F50B9961D874}.Release|Any CPU.Build.0 = Release|Any CPU
		{7D76EB73-4742-45C7-84A6-F50B9961D874}.Release|Mixed Platforms.ActiveCfg = Release|Any CPU
		{7D76EB73-4742-45C7-84A6-F50B9961D874}.Release|Mixed Platforms.Build.0 = Release|Any CPU
		{7D76EB73-4742-45C7-84A6-F50B9961D874}.Release|Win32.ActiveCfg = Release|Any CPU
		{7D76EB73-4742-45C7-84A6-F50B9961D874}.Release|x86.ActiveCfg = Release|Any CPU
		{185F3662-2F7F-4945-9156-9AAB127281AB}.Debug|Any CPU.ActiveCfg = Debug|Any CPU
		{185F3662-2F7F-4945-9156-9AAB127281AB}.Debug|Any CPU.Build.0 = Debug|Any CPU
		{185F3662-2F7F-4945-9156-9AAB127281AB}.Debug|Mixed Platforms.ActiveCfg = Debug|Any CPU
		{185F3662-2F7F-4945-9156-9AAB127281AB}.Debug|Mixed Platforms.Build.0 = Debug|Any CPU
		{185F3662-2F7F-4945-9156-9AAB127281AB}.Debug|Win32.ActiveCfg = Debug|Any CPU
		{185F3662-2F7F-4945-9156-9AAB127281AB}.Debug|x86.ActiveCfg = Debug|Any CPU
		{185F3662-2F7F-4945-9156-9AAB127281AB}.Release|Any CPU.ActiveCfg = Release|Any CPU
		{185F3662-2F7F-4945-9156-9AAB127281AB}.Release|Any CPU.Build.0 = Release|Any CPU
		{185F3662-2F7F-4945-9156-9AAB127281AB}.Release|Mixed Platforms.ActiveCfg = Release|Any CPU
		{185F3662-2F7F-4945-9156-9AAB127281AB}.Release|Mixed Platforms.Build.0 = Release|Any CPU
		{185F3662-2F7F-4945-9156-9AAB127281AB}.Release|Win32.ActiveCfg = Release|Any CPU
		{185F3662-2F7F-4945-9156-9AAB127281AB}.Release|x86.ActiveCfg = Release|Any CPU
		{23B14551-20D5-437F-BC17-BA70EA50184D}.Debug|Any CPU.ActiveCfg = Debug|Any CPU
		{23B14551-20D5-437F-BC17-BA70EA50184D}.Debug|Any CPU.Build.0 = Debug|Any CPU
		{23B14551-20D5-437F-BC17-BA70EA50184D}.Debug|Mixed Platforms.ActiveCfg = Debug|Any CPU
		{23B14551-20D5-437F-BC17-BA70EA50184D}.Debug|Mixed Platforms.Build.0 = Debug|Any CPU
		{23B14551-20D5-437F-BC17-BA70EA50184D}.Debug|Win32.ActiveCfg = Debug|Any CPU
		{23B14551-20D5-437F-BC17-BA70EA50184D}.Debug|x86.ActiveCfg = Debug|Any CPU
		{23B14551-20D5-437F-BC17-BA70EA50184D}.Release|Any CPU.ActiveCfg = Release|Any CPU
		{23B14551-20D5-437F-BC17-BA70EA50184D}.Release|Any CPU.Build.0 = Release|Any CPU
		{23B14551-20D5-437F-BC17-BA70EA50184D}.Release|Mixed Platforms.ActiveCfg = Release|Any CPU
		{23B14551-20D5-437F-BC17-BA70EA50184D}.Release|Mixed Platforms.Build.0 = Release|Any CPU
		{23B14551-20D5-437F-BC17-BA70EA50184D}.Release|Win32.ActiveCfg = Release|Any CPU
		{23B14551-20D5-437F-BC17-BA70EA50184D}.Release|x86.ActiveCfg = Release|Any CPU
		{C7C6AF7B-9770-45B7-9105-877C4A5DCED0}.Debug|Any CPU.ActiveCfg = Debug|Any CPU
		{C7C6AF7B-9770-45B7-9105-877C4A5DCED0}.Debug|Any CPU.Build.0 = Debug|Any CPU
		{C7C6AF7B-9770-45B7-9105-877C4A5DCED0}.Debug|Mixed Platforms.ActiveCfg = Debug|Any CPU
		{C7C6AF7B-9770-45B7-9105-877C4A5DCED0}.Debug|Mixed Platforms.Build.0 = Debug|Any CPU
		{C7C6AF7B-9770-45B7-9105-877C4A5DCED0}.Debug|Win32.ActiveCfg = Debug|Any CPU
		{C7C6AF7B-9770-45B7-9105-877C4A5DCED0}.Debug|x86.ActiveCfg = Debug|Any CPU
		{C7C6AF7B-9770-45B7-9105-877C4A5DCED0}.Release|Any CPU.ActiveCfg = Release|Any CPU
		{C7C6AF7B-9770-45B7-9105-877C4A5DCED0}.Release|Any CPU.Build.0 = Release|Any CPU
		{C7C6AF7B-9770-45B7-9105-877C4A5DCED0}.Release|Mixed Platforms.ActiveCfg = Release|Any CPU
		{C7C6AF7B-9770-45B7-9105-877C4A5DCED0}.Release|Mixed Platforms.Build.0 = Release|Any CPU
		{C7C6AF7B-9770-45B7-9105-877C4A5DCED0}.Release|Win32.ActiveCfg = Release|Any CPU
		{C7C6AF7B-9770-45B7-9105-877C4A5DCED0}.Release|x86.ActiveCfg = Release|Any CPU
		{FE38226C-E9E7-4461-AD14-B14369255A9C}.Debug|Any CPU.ActiveCfg = Debug|Any CPU
		{FE38226C-E9E7-4461-AD14-B14369255A9C}.Debug|Any CPU.Build.0 = Debug|Any CPU
		{FE38226C-E9E7-4461-AD14-B14369255A9C}.Debug|Mixed Platforms.ActiveCfg = Debug|Any CPU
		{FE38226C-E9E7-4461-AD14-B14369255A9C}.Debug|Mixed Platforms.Build.0 = Debug|Any CPU
		{FE38226C-E9E7-4461-AD14-B14369255A9C}.Debug|Win32.ActiveCfg = Debug|Any CPU
		{FE38226C-E9E7-4461-AD14-B14369255A9C}.Debug|x86.ActiveCfg = Debug|Any CPU
		{FE38226C-E9E7-4461-AD14-B14369255A9C}.Release|Any CPU.ActiveCfg = Release|Any CPU
		{FE38226C-E9E7-4461-AD14-B14369255A9C}.Release|Any CPU.Build.0 = Release|Any CPU
		{FE38226C-E9E7-4461-AD14-B14369255A9C}.Release|Mixed Platforms.ActiveCfg = Release|Any CPU
		{FE38226C-E9E7-4461-AD14-B14369255A9C}.Release|Mixed Platforms.Build.0 = Release|Any CPU
		{FE38226C-E9E7-4461-AD14-B14369255A9C}.Release|Win32.ActiveCfg = Release|Any CPU
		{FE38226C-E9E7-4461-AD14-B14369255A9C}.Release|x86.ActiveCfg = Release|Any CPU
		{B177088B-C1D6-42D0-A71D-4EC3A965AA9E}.Debug|Any CPU.ActiveCfg = Debug|Any CPU
		{B177088B-C1D6-42D0-A71D-4EC3A965AA9E}.Debug|Any CPU.Build.0 = Debug|Any CPU
		{B177088B-C1D6-42D0-A71D-4EC3A965AA9E}.Debug|Mixed Platforms.ActiveCfg = Debug|Any CPU
		{B177088B-C1D6-42D0-A71D-4EC3A965AA9E}.Debug|Mixed Platforms.Build.0 = Debug|Any CPU
		{B177088B-C1D6-42D0-A71D-4EC3A965AA9E}.Debug|Win32.ActiveCfg = Debug|Any CPU
		{B177088B-C1D6-42D0-A71D-4EC3A965AA9E}.Debug|x86.ActiveCfg = Debug|Any CPU
		{B177088B-C1D6-42D0-A71D-4EC3A965AA9E}.Release|Any CPU.ActiveCfg = Release|Any CPU
		{B177088B-C1D6-42D0-A71D-4EC3A965AA9E}.Release|Any CPU.Build.0 = Release|Any CPU
		{B177088B-C1D6-42D0-A71D-4EC3A965AA9E}.Release|Mixed Platforms.ActiveCfg = Release|Any CPU
		{B177088B-C1D6-42D0-A71D-4EC3A965AA9E}.Release|Mixed Platforms.Build.0 = Release|Any CPU
		{B177088B-C1D6-42D0-A71D-4EC3A965AA9E}.Release|Win32.ActiveCfg = Release|Any CPU
		{B177088B-C1D6-42D0-A71D-4EC3A965AA9E}.Release|x86.ActiveCfg = Release|Any CPU
		{606FDB3F-628E-4D48-9735-3A6F54F1B010}.Debug|Any CPU.ActiveCfg = Debug|Any CPU
		{606FDB3F-628E-4D48-9735-3A6F54F1B010}.Debug|Any CPU.Build.0 = Debug|Any CPU
		{606FDB3F-628E-4D48-9735-3A6F54F1B010}.Debug|Mixed Platforms.ActiveCfg = Debug|Any CPU
		{606FDB3F-628E-4D48-9735-3A6F54F1B010}.Debug|Mixed Platforms.Build.0 = Debug|Any CPU
		{606FDB3F-628E-4D48-9735-3A6F54F1B010}.Debug|Win32.ActiveCfg = Debug|Any CPU
		{606FDB3F-628E-4D48-9735-3A6F54F1B010}.Debug|x86.ActiveCfg = Debug|Any CPU
		{606FDB3F-628E-4D48-9735-3A6F54F1B010}.Release|Any CPU.ActiveCfg = Release|Any CPU
		{606FDB3F-628E-4D48-9735-3A6F54F1B010}.Release|Any CPU.Build.0 = Release|Any CPU
		{606FDB3F-628E-4D48-9735-3A6F54F1B010}.Release|Mixed Platforms.ActiveCfg = Release|Any CPU
		{606FDB3F-628E-4D48-9735-3A6F54F1B010}.Release|Mixed Platforms.Build.0 = Release|Any CPU
		{606FDB3F-628E-4D48-9735-3A6F54F1B010}.Release|Win32.ActiveCfg = Release|Any CPU
		{606FDB3F-628E-4D48-9735-3A6F54F1B010}.Release|x86.ActiveCfg = Release|Any CPU
		{CDB6769F-AC2F-472A-BAA2-E4534D4A8131}.Debug|Any CPU.ActiveCfg = Debug|Any CPU
		{CDB6769F-AC2F-472A-BAA2-E4534D4A8131}.Debug|Any CPU.Build.0 = Debug|Any CPU
		{CDB6769F-AC2F-472A-BAA2-E4534D4A8131}.Debug|Mixed Platforms.ActiveCfg = Debug|Any CPU
		{CDB6769F-AC2F-472A-BAA2-E4534D4A8131}.Debug|Mixed Platforms.Build.0 = Debug|Any CPU
		{CDB6769F-AC2F-472A-BAA2-E4534D4A8131}.Debug|Win32.ActiveCfg = Debug|Any CPU
		{CDB6769F-AC2F-472A-BAA2-E4534D4A8131}.Debug|x86.ActiveCfg = Debug|Any CPU
		{CDB6769F-AC2F-472A-BAA2-E4534D4A8131}.Release|Any CPU.ActiveCfg = Release|Any CPU
		{CDB6769F-AC2F-472A-BAA2-E4534D4A8131}.Release|Any CPU.Build.0 = Release|Any CPU
		{CDB6769F-AC2F-472A-BAA2-E4534D4A8131}.Release|Mixed Platforms.ActiveCfg = Release|Any CPU
		{CDB6769F-AC2F-472A-BAA2-E4534D4A8131}.Release|Mixed Platforms.Build.0 = Release|Any CPU
		{CDB6769F-AC2F-472A-BAA2-E4534D4A8131}.Release|Win32.ActiveCfg = Release|Any CPU
		{CDB6769F-AC2F-472A-BAA2-E4534D4A8131}.Release|x86.ActiveCfg = Release|Any CPU
		{3333620B-E4AA-48FA-AC9E-FAD97B1C17ED}.Debug|Any CPU.ActiveCfg = Debug|Any CPU
		{3333620B-E4AA-48FA-AC9E-FAD97B1C17ED}.Debug|Any CPU.Build.0 = Debug|Any CPU
		{3333620B-E4AA-48FA-AC9E-FAD97B1C17ED}.Debug|Mixed Platforms.ActiveCfg = Debug|Any CPU
		{3333620B-E4AA-48FA-AC9E-FAD97B1C17ED}.Debug|Mixed Platforms.Build.0 = Debug|Any CPU
		{3333620B-E4AA-48FA-AC9E-FAD97B1C17ED}.Debug|Win32.ActiveCfg = Debug|Any CPU
		{3333620B-E4AA-48FA-AC9E-FAD97B1C17ED}.Debug|x86.ActiveCfg = Debug|Any CPU
		{3333620B-E4AA-48FA-AC9E-FAD97B1C17ED}.Release|Any CPU.ActiveCfg = Release|Any CPU
		{3333620B-E4AA-48FA-AC9E-FAD97B1C17ED}.Release|Any CPU.Build.0 = Release|Any CPU
		{3333620B-E4AA-48FA-AC9E-FAD97B1C17ED}.Release|Mixed Platforms.ActiveCfg = Release|Any CPU
		{3333620B-E4AA-48FA-AC9E-FAD97B1C17ED}.Release|Mixed Platforms.Build.0 = Release|Any CPU
		{3333620B-E4AA-48FA-AC9E-FAD97B1C17ED}.Release|Win32.ActiveCfg = Release|Any CPU
		{3333620B-E4AA-48FA-AC9E-FAD97B1C17ED}.Release|x86.ActiveCfg = Release|Any CPU
	EndGlobalSection
	GlobalSection(SolutionProperties) = preSolution
		HideSolutionNode = FALSE
	EndGlobalSection
	GlobalSection(NestedProjects) = preSolution
		{A3D5D202-89FE-4E14-A91C-5F822799D92B} = {02DAD418-5D0C-4D52-AA75-43B804638325}
		{FEA5D314-EB1F-4CB7-A199-055C20FD01BC} = {02DAD418-5D0C-4D52-AA75-43B804638325}
		{8B1A1553-D47C-4A98-AD2C-11F3B38BC74A} = {02DAD418-5D0C-4D52-AA75-43B804638325}
		{CAB901C0-7A4E-4F0F-B27D-2B5E73548329} = {02DAD418-5D0C-4D52-AA75-43B804638325}
		{AC47C0D4-B22A-4CED-B06B-50B828D56B07} = {02DAD418-5D0C-4D52-AA75-43B804638325}
		{2A7C0792-7F47-4B07-A665-56AB6BF15F71} = {02DAD418-5D0C-4D52-AA75-43B804638325}
		{228F60E4-4AAA-44F9-9A85-334192BD1897} = {02DAD418-5D0C-4D52-AA75-43B804638325}
		{E466AB9B-9457-422E-BBA7-0AA52F9535D3} = {02DAD418-5D0C-4D52-AA75-43B804638325}
		{7D76EB73-4742-45C7-84A6-F50B9961D874} = {02DAD418-5D0C-4D52-AA75-43B804638325}
		{185F3662-2F7F-4945-9156-9AAB127281AB} = {02DAD418-5D0C-4D52-AA75-43B804638325}
		{23B14551-20D5-437F-BC17-BA70EA50184D} = {02DAD418-5D0C-4D52-AA75-43B804638325}
		{C7C6AF7B-9770-45B7-9105-877C4A5DCED0} = {02DAD418-5D0C-4D52-AA75-43B804638325}
		{FE38226C-E9E7-4461-AD14-B14369255A9C} = {02DAD418-5D0C-4D52-AA75-43B804638325}
		{B177088B-C1D6-42D0-A71D-4EC3A965AA9E} = {02DAD418-5D0C-4D52-AA75-43B804638325}
		{606FDB3F-628E-4D48-9735-3A6F54F1B010} = {02DAD418-5D0C-4D52-AA75-43B804638325}
		{CDB6769F-AC2F-472A-BAA2-E4534D4A8131} = {02DAD418-5D0C-4D52-AA75-43B804638325}
		{3333620B-E4AA-48FA-AC9E-FAD97B1C17ED} = {02DAD418-5D0C-4D52-AA75-43B804638325}
		{1D50D623-393E-442C-9A4A-CF17133E349C} = {32F8D547-DA97-4431-83B5-B09E139573C7}
		{A362AEC8-E216-43BF-93E6-538803922F97} = {32F8D547-DA97-4431-83B5-B09E139573C7}
		{E5BBA35A-934C-4EEE-9661-1856D75BD17E} = {32F8D547-DA97-4431-83B5-B09E139573C7}
	EndGlobalSection
EndGlobal
