
Microsoft Visual Studio Solution File, Format Version 12.00
# Visual Studio 2012
Project("{2150E333-8FDC-42A3-9474-1A3956D46DE8}") = "Wrappers", "Wrappers", "{4F12D023-AE34-4C7B-8D1A-01E25B750C75}"
EndProject
Project("{8BC9CEB8-8B4A-11D0-8D11-00A0C91BC942}") = "Igneel.D3D10", "..\Engine\Igneel.D3D10\Igneel.D3D10.vcxproj", "{1D50D623-393E-442C-9A4A-CF17133E349C}"
EndProject
Project("{FAE04EC0-301F-11D3-BF4B-00C04F79EFBC}") = "Igneel.Shared", "..\Engine\Igneel.Shared\Igneel.Shared.csproj", "{23B14551-20D5-437F-BC17-BA70EA50184D}"
EndProject
Project("{2150E333-8FDC-42A3-9474-1A3956D46DE8}") = "Managed", "Managed", "{68CC7CC3-CA5F-4A76-9CE8-ABF7B449AF38}"
EndProject
Project("{8BC9CEB8-8B4A-11D0-8D11-00A0C91BC942}") = "Igneel.DirectInput", "..\Engine\Igneel.DirectInput\Igneel.DirectInput.vcxproj", "{A362AEC8-E216-43BF-93E6-538803922F97}"
EndProject
Project("{8BC9CEB8-8B4A-11D0-8D11-00A0C91BC942}") = "Igneel.PhysX", "..\Engine\Igneel.PhysX\Igneel.PhysX.vcxproj", "{E5BBA35A-934C-4EEE-9661-1856D75BD17E}"
EndProject
Project("{FAE04EC0-301F-11D3-BF4B-00C04F79EFBC}") = "Igneel", "..\Engine\Igneel\Igneel.csproj", "{228F60E4-4AAA-44F9-9A85-334192BD1897}"
EndProject
Project("{FAE04EC0-301F-11D3-BF4B-00C04F79EFBC}") = "Igneel.Animations", "..\Engine\Igneel.Animations\Igneel.Animations.csproj", "{E466AB9B-9457-422E-BBA7-0AA52F9535D3}"
EndProject
Project("{FAE04EC0-301F-11D3-BF4B-00C04F79EFBC}") = "Igneel.Assets", "..\Engine\Igneel.Assets\Igneel.Assets.csproj", "{C7C6AF7B-9770-45B7-9105-877C4A5DCED0}"
EndProject
Project("{FAE04EC0-301F-11D3-BF4B-00C04F79EFBC}") = "Ignee.Compiling", "..\Engine\Igneel.Compiling\Ignee.Compiling.csproj", "{CAB901C0-7A4E-4F0F-B27D-2B5E73548329}"
EndProject
Project("{FAE04EC0-301F-11D3-BF4B-00C04F79EFBC}") = "Igneel.Controllers", "..\Engine\Igneel.Controllers\Igneel.Controllers.csproj", "{CDB6769F-AC2F-472A-BAA2-E4534D4A8131}"
EndProject
Project("{FAE04EC0-301F-11D3-BF4B-00C04F79EFBC}") = "Igneel.Graphics", "..\Engine\Igneel.Graphics\Igneel.Graphics.csproj", "{2A7C0792-7F47-4B07-A665-56AB6BF15F71}"
EndProject
Project("{FAE04EC0-301F-11D3-BF4B-00C04F79EFBC}") = "Igneel.IA", "..\Engine\Igneel.IA\Igneel.IA.csproj", "{B177088B-C1D6-42D0-A71D-4EC3A965AA9E}"
EndProject
Project("{FAE04EC0-301F-11D3-BF4B-00C04F79EFBC}") = "Igneel.Importers", "..\Engine\Igneel.Importers\Igneel.Importers.csproj", "{3333620B-E4AA-48FA-AC9E-FAD97B1C17ED}"
EndProject
Project("{FAE04EC0-301F-11D3-BF4B-00C04F79EFBC}") = "Igneel.Input", "..\Engine\Igneel.Input\Igneel.Input.csproj", "{606FDB3F-628E-4D48-9735-3A6F54F1B010}"
EndProject
Project("{FAE04EC0-301F-11D3-BF4B-00C04F79EFBC}") = "Igneel.Math", "..\Engine\Igneel.Math\Igneel.Math.csproj", "{AC47C0D4-B22A-4CED-B06B-50B828D56B07}"
EndProject
Project("{FAE04EC0-301F-11D3-BF4B-00C04F79EFBC}") = "Igneel.Physics", "..\Engine\Igneel.Physics\Igneel.Physics.csproj", "{7D76EB73-4742-45C7-84A6-F50B9961D874}"
EndProject
Project("{FAE04EC0-301F-11D3-BF4B-00C04F79EFBC}") = "Igneel.Rendering", "..\Engine\Igneel.Rendering\Igneel.Rendering.csproj", "{185F3662-2F7F-4945-9156-9AAB127281AB}"
EndProject
Project("{FAE04EC0-301F-11D3-BF4B-00C04F79EFBC}") = "Igneel.Windows", "..\Engine\Igneel.Windows\Igneel.Windows.csproj", "{8B1A1553-D47C-4A98-AD2C-11F3B38BC74A}"
EndProject
Project("{FAE04EC0-301F-11D3-BF4B-00C04F79EFBC}") = "Igneel.Windows.Forms", "..\Engine\Igneel.Windows.Forms\Igneel.Windows.Forms.csproj", "{A3D5D202-89FE-4E14-A91C-5F822799D92B}"
EndProject
Project("{FAE04EC0-301F-11D3-BF4B-00C04F79EFBC}") = "Igneel.Windows.Wpf", "..\Engine\Igneel.Windows.Wpf\Igneel.Windows.Wpf.csproj", "{FEA5D314-EB1F-4CB7-A199-055C20FD01BC}"
EndProject
Project("{2150E333-8FDC-42A3-9474-1A3956D46DE8}") = "Shaders", "Shaders", "{F64A4BA0-F853-4454-A3A6-550BB1DD82BC}"
EndProject
Project("{8BC9CEB8-8B4A-11D0-8D11-00A0C91BC942}") = "Shaders.D3D10", "..\Shaders\Shaders.D3D10\Shaders.D3D10.vcxproj", "{EABEA70C-A5D1-4D08-A981-CDCF5DEE221F}"
EndProject
Project("{8BC9CEB8-8B4A-11D0-8D11-00A0C91BC942}") = "Shaders.Cg", "..\Shaders\Shaders.Cg\Shaders.Cg.vcxproj", "{71D418A9-0136-4DA1-8451-C812E67459E7}"
EndProject
Project("{2150E333-8FDC-42A3-9474-1A3956D46DE8}") = "Tests", "Tests", "{D28A0697-F08C-47C7-8428-92A1BD8A0FAF}"
EndProject
Project("{FAE04EC0-301F-11D3-BF4B-00C04F79EFBC}") = "Engine.Testing", "..\Tests\Engine.Testing\Engine.Testing.csproj", "{8C9668C8-818F-4D67-A7A7-6CF7ED449BEC}"
EndProject
Project("{2150E333-8FDC-42A3-9474-1A3956D46DE8}") = "Samples", "Samples", "{00120518-A24D-4CEB-855A-459409D07769}"
EndProject
Project("{FAE04EC0-301F-11D3-BF4B-00C04F79EFBC}") = "ForgeEditor", "..\Samples\ForgeEditor\ForgeEditor.csproj", "{86472CA1-4169-4727-9AD0-4B8FE6ABB233}"
EndProject
Project("{8BC9CEB8-8B4A-11D0-8D11-00A0C91BC942}") = "ForgeShaders", "..\Samples\ForgeShaders\ShaderProyectTemplate.vcxproj", "{C55B842F-C146-4EB1-B859-E715A70B0FC2}"
EndProject
Project("{FAE04EC0-301F-11D3-BF4B-00C04F79EFBC}") = "BasicColorTraingle", "..\Samples\ColorTraingle\BasicColorTraingle.csproj", "{7F97EB58-793F-401A-B7CD-651438BBD177}"
EndProject
Project("{FAE04EC0-301F-11D3-BF4B-00C04F79EFBC}") = "BasicEarth", "..\Samples\BasicEarth\BasicEarth.csproj", "{E5181832-971D-49E1-BCAC-31188AB69DD1}"
EndProject
Global
	GlobalSection(SolutionConfigurationPlatforms) = preSolution
		Debug|Any CPU = Debug|Any CPU
		Debug|Mixed Platforms = Debug|Mixed Platforms
		Debug|Win32 = Debug|Win32
		Release|Any CPU = Release|Any CPU
		Release|Mixed Platforms = Release|Mixed Platforms
		Release|Win32 = Release|Win32
	EndGlobalSection
	GlobalSection(ProjectConfigurationPlatforms) = postSolution
		{1D50D623-393E-442C-9A4A-CF17133E349C}.Debug|Any CPU.ActiveCfg = Debug|Win32
		{1D50D623-393E-442C-9A4A-CF17133E349C}.Debug|Mixed Platforms.ActiveCfg = Debug|Win32
		{1D50D623-393E-442C-9A4A-CF17133E349C}.Debug|Mixed Platforms.Build.0 = Debug|Win32
		{1D50D623-393E-442C-9A4A-CF17133E349C}.Debug|Win32.ActiveCfg = Debug|Win32
		{1D50D623-393E-442C-9A4A-CF17133E349C}.Debug|Win32.Build.0 = Debug|Win32
		{1D50D623-393E-442C-9A4A-CF17133E349C}.Release|Any CPU.ActiveCfg = Release|Win32
		{1D50D623-393E-442C-9A4A-CF17133E349C}.Release|Mixed Platforms.ActiveCfg = Release|Win32
		{1D50D623-393E-442C-9A4A-CF17133E349C}.Release|Mixed Platforms.Build.0 = Release|Win32
		{1D50D623-393E-442C-9A4A-CF17133E349C}.Release|Win32.ActiveCfg = Release|Win32
		{1D50D623-393E-442C-9A4A-CF17133E349C}.Release|Win32.Build.0 = Release|Win32
		{23B14551-20D5-437F-BC17-BA70EA50184D}.Debug|Any CPU.ActiveCfg = Debug|Any CPU
		{23B14551-20D5-437F-BC17-BA70EA50184D}.Debug|Any CPU.Build.0 = Debug|Any CPU
		{23B14551-20D5-437F-BC17-BA70EA50184D}.Debug|Mixed Platforms.ActiveCfg = Debug|Any CPU
		{23B14551-20D5-437F-BC17-BA70EA50184D}.Debug|Mixed Platforms.Build.0 = Debug|Any CPU
		{23B14551-20D5-437F-BC17-BA70EA50184D}.Debug|Win32.ActiveCfg = Debug|Any CPU
		{23B14551-20D5-437F-BC17-BA70EA50184D}.Release|Any CPU.ActiveCfg = Release|Any CPU
		{23B14551-20D5-437F-BC17-BA70EA50184D}.Release|Any CPU.Build.0 = Release|Any CPU
		{23B14551-20D5-437F-BC17-BA70EA50184D}.Release|Mixed Platforms.ActiveCfg = Release|Any CPU
		{23B14551-20D5-437F-BC17-BA70EA50184D}.Release|Mixed Platforms.Build.0 = Release|Any CPU
		{23B14551-20D5-437F-BC17-BA70EA50184D}.Release|Win32.ActiveCfg = Release|Any CPU
		{A362AEC8-E216-43BF-93E6-538803922F97}.Debug|Any CPU.ActiveCfg = Debug|Win32
		{A362AEC8-E216-43BF-93E6-538803922F97}.Debug|Mixed Platforms.ActiveCfg = Debug|Win32
		{A362AEC8-E216-43BF-93E6-538803922F97}.Debug|Mixed Platforms.Build.0 = Debug|Win32
		{A362AEC8-E216-43BF-93E6-538803922F97}.Debug|Win32.ActiveCfg = Debug|Win32
		{A362AEC8-E216-43BF-93E6-538803922F97}.Debug|Win32.Build.0 = Debug|Win32
		{A362AEC8-E216-43BF-93E6-538803922F97}.Release|Any CPU.ActiveCfg = Release|Win32
		{A362AEC8-E216-43BF-93E6-538803922F97}.Release|Mixed Platforms.ActiveCfg = Release|Win32
		{A362AEC8-E216-43BF-93E6-538803922F97}.Release|Mixed Platforms.Build.0 = Release|Win32
		{A362AEC8-E216-43BF-93E6-538803922F97}.Release|Win32.ActiveCfg = Release|Win32
		{A362AEC8-E216-43BF-93E6-538803922F97}.Release|Win32.Build.0 = Release|Win32
		{E5BBA35A-934C-4EEE-9661-1856D75BD17E}.Debug|Any CPU.ActiveCfg = Debug|Win32
		{E5BBA35A-934C-4EEE-9661-1856D75BD17E}.Debug|Mixed Platforms.ActiveCfg = Debug|Win32
		{E5BBA35A-934C-4EEE-9661-1856D75BD17E}.Debug|Mixed Platforms.Build.0 = Debug|Win32
		{E5BBA35A-934C-4EEE-9661-1856D75BD17E}.Debug|Win32.ActiveCfg = Debug|Win32
		{E5BBA35A-934C-4EEE-9661-1856D75BD17E}.Debug|Win32.Build.0 = Debug|Win32
		{E5BBA35A-934C-4EEE-9661-1856D75BD17E}.Release|Any CPU.ActiveCfg = Release|Win32
		{E5BBA35A-934C-4EEE-9661-1856D75BD17E}.Release|Mixed Platforms.ActiveCfg = Release|Win32
		{E5BBA35A-934C-4EEE-9661-1856D75BD17E}.Release|Mixed Platforms.Build.0 = Release|Win32
		{E5BBA35A-934C-4EEE-9661-1856D75BD17E}.Release|Win32.ActiveCfg = Release|Win32
		{E5BBA35A-934C-4EEE-9661-1856D75BD17E}.Release|Win32.Build.0 = Release|Win32
		{228F60E4-4AAA-44F9-9A85-334192BD1897}.Debug|Any CPU.ActiveCfg = Debug|Any CPU
		{228F60E4-4AAA-44F9-9A85-334192BD1897}.Debug|Any CPU.Build.0 = Debug|Any CPU
		{228F60E4-4AAA-44F9-9A85-334192BD1897}.Debug|Mixed Platforms.ActiveCfg = Debug|Any CPU
		{228F60E4-4AAA-44F9-9A85-334192BD1897}.Debug|Mixed Platforms.Build.0 = Debug|Any CPU
		{228F60E4-4AAA-44F9-9A85-334192BD1897}.Debug|Win32.ActiveCfg = Debug|Any CPU
		{228F60E4-4AAA-44F9-9A85-334192BD1897}.Release|Any CPU.ActiveCfg = Release|Any CPU
		{228F60E4-4AAA-44F9-9A85-334192BD1897}.Release|Any CPU.Build.0 = Release|Any CPU
		{228F60E4-4AAA-44F9-9A85-334192BD1897}.Release|Mixed Platforms.ActiveCfg = Release|Any CPU
		{228F60E4-4AAA-44F9-9A85-334192BD1897}.Release|Mixed Platforms.Build.0 = Release|Any CPU
		{228F60E4-4AAA-44F9-9A85-334192BD1897}.Release|Win32.ActiveCfg = Release|Any CPU
		{E466AB9B-9457-422E-BBA7-0AA52F9535D3}.Debug|Any CPU.ActiveCfg = Debug|Any CPU
		{E466AB9B-9457-422E-BBA7-0AA52F9535D3}.Debug|Any CPU.Build.0 = Debug|Any CPU
		{E466AB9B-9457-422E-BBA7-0AA52F9535D3}.Debug|Mixed Platforms.ActiveCfg = Debug|Any CPU
		{E466AB9B-9457-422E-BBA7-0AA52F9535D3}.Debug|Mixed Platforms.Build.0 = Debug|Any CPU
		{E466AB9B-9457-422E-BBA7-0AA52F9535D3}.Debug|Win32.ActiveCfg = Debug|Any CPU
		{E466AB9B-9457-422E-BBA7-0AA52F9535D3}.Release|Any CPU.ActiveCfg = Release|Any CPU
		{E466AB9B-9457-422E-BBA7-0AA52F9535D3}.Release|Any CPU.Build.0 = Release|Any CPU
		{E466AB9B-9457-422E-BBA7-0AA52F9535D3}.Release|Mixed Platforms.ActiveCfg = Release|Any CPU
		{E466AB9B-9457-422E-BBA7-0AA52F9535D3}.Release|Mixed Platforms.Build.0 = Release|Any CPU
		{E466AB9B-9457-422E-BBA7-0AA52F9535D3}.Release|Win32.ActiveCfg = Release|Any CPU
		{C7C6AF7B-9770-45B7-9105-877C4A5DCED0}.Debug|Any CPU.ActiveCfg = Debug|Any CPU
		{C7C6AF7B-9770-45B7-9105-877C4A5DCED0}.Debug|Any CPU.Build.0 = Debug|Any CPU
		{C7C6AF7B-9770-45B7-9105-877C4A5DCED0}.Debug|Mixed Platforms.ActiveCfg = Debug|Any CPU
		{C7C6AF7B-9770-45B7-9105-877C4A5DCED0}.Debug|Mixed Platforms.Build.0 = Debug|Any CPU
		{C7C6AF7B-9770-45B7-9105-877C4A5DCED0}.Debug|Win32.ActiveCfg = Debug|Any CPU
		{C7C6AF7B-9770-45B7-9105-877C4A5DCED0}.Release|Any CPU.ActiveCfg = Release|Any CPU
		{C7C6AF7B-9770-45B7-9105-877C4A5DCED0}.Release|Any CPU.Build.0 = Release|Any CPU
		{C7C6AF7B-9770-45B7-9105-877C4A5DCED0}.Release|Mixed Platforms.ActiveCfg = Release|Any CPU
		{C7C6AF7B-9770-45B7-9105-877C4A5DCED0}.Release|Mixed Platforms.Build.0 = Release|Any CPU
		{C7C6AF7B-9770-45B7-9105-877C4A5DCED0}.Release|Win32.ActiveCfg = Release|Any CPU
		{CAB901C0-7A4E-4F0F-B27D-2B5E73548329}.Debug|Any CPU.ActiveCfg = Debug|Any CPU
		{CAB901C0-7A4E-4F0F-B27D-2B5E73548329}.Debug|Any CPU.Build.0 = Debug|Any CPU
		{CAB901C0-7A4E-4F0F-B27D-2B5E73548329}.Debug|Mixed Platforms.ActiveCfg = Debug|Any CPU
		{CAB901C0-7A4E-4F0F-B27D-2B5E73548329}.Debug|Mixed Platforms.Build.0 = Debug|Any CPU
		{CAB901C0-7A4E-4F0F-B27D-2B5E73548329}.Debug|Win32.ActiveCfg = Debug|Any CPU
		{CAB901C0-7A4E-4F0F-B27D-2B5E73548329}.Release|Any CPU.ActiveCfg = Release|Any CPU
		{CAB901C0-7A4E-4F0F-B27D-2B5E73548329}.Release|Any CPU.Build.0 = Release|Any CPU
		{CAB901C0-7A4E-4F0F-B27D-2B5E73548329}.Release|Mixed Platforms.ActiveCfg = Release|Any CPU
		{CAB901C0-7A4E-4F0F-B27D-2B5E73548329}.Release|Mixed Platforms.Build.0 = Release|Any CPU
		{CAB901C0-7A4E-4F0F-B27D-2B5E73548329}.Release|Win32.ActiveCfg = Release|Any CPU
		{CDB6769F-AC2F-472A-BAA2-E4534D4A8131}.Debug|Any CPU.ActiveCfg = Debug|Any CPU
		{CDB6769F-AC2F-472A-BAA2-E4534D4A8131}.Debug|Any CPU.Build.0 = Debug|Any CPU
		{CDB6769F-AC2F-472A-BAA2-E4534D4A8131}.Debug|Mixed Platforms.ActiveCfg = Debug|Any CPU
		{CDB6769F-AC2F-472A-BAA2-E4534D4A8131}.Debug|Mixed Platforms.Build.0 = Debug|Any CPU
		{CDB6769F-AC2F-472A-BAA2-E4534D4A8131}.Debug|Win32.ActiveCfg = Debug|Any CPU
		{CDB6769F-AC2F-472A-BAA2-E4534D4A8131}.Release|Any CPU.ActiveCfg = Release|Any CPU
		{CDB6769F-AC2F-472A-BAA2-E4534D4A8131}.Release|Any CPU.Build.0 = Release|Any CPU
		{CDB6769F-AC2F-472A-BAA2-E4534D4A8131}.Release|Mixed Platforms.ActiveCfg = Release|Any CPU
		{CDB6769F-AC2F-472A-BAA2-E4534D4A8131}.Release|Mixed Platforms.Build.0 = Release|Any CPU
		{CDB6769F-AC2F-472A-BAA2-E4534D4A8131}.Release|Win32.ActiveCfg = Release|Any CPU
		{2A7C0792-7F47-4B07-A665-56AB6BF15F71}.Debug|Any CPU.ActiveCfg = Debug|Any CPU
		{2A7C0792-7F47-4B07-A665-56AB6BF15F71}.Debug|Any CPU.Build.0 = Debug|Any CPU
		{2A7C0792-7F47-4B07-A665-56AB6BF15F71}.Debug|Mixed Platforms.ActiveCfg = Debug|Any CPU
		{2A7C0792-7F47-4B07-A665-56AB6BF15F71}.Debug|Mixed Platforms.Build.0 = Debug|Any CPU
		{2A7C0792-7F47-4B07-A665-56AB6BF15F71}.Debug|Win32.ActiveCfg = Debug|Any CPU
		{2A7C0792-7F47-4B07-A665-56AB6BF15F71}.Release|Any CPU.ActiveCfg = Release|Any CPU
		{2A7C0792-7F47-4B07-A665-56AB6BF15F71}.Release|Any CPU.Build.0 = Release|Any CPU
		{2A7C0792-7F47-4B07-A665-56AB6BF15F71}.Release|Mixed Platforms.ActiveCfg = Release|Any CPU
		{2A7C0792-7F47-4B07-A665-56AB6BF15F71}.Release|Mixed Platforms.Build.0 = Release|Any CPU
		{2A7C0792-7F47-4B07-A665-56AB6BF15F71}.Release|Win32.ActiveCfg = Release|Any CPU
		{B177088B-C1D6-42D0-A71D-4EC3A965AA9E}.Debug|Any CPU.ActiveCfg = Debug|Any CPU
		{B177088B-C1D6-42D0-A71D-4EC3A965AA9E}.Debug|Any CPU.Build.0 = Debug|Any CPU
		{B177088B-C1D6-42D0-A71D-4EC3A965AA9E}.Debug|Mixed Platforms.ActiveCfg = Debug|Any CPU
		{B177088B-C1D6-42D0-A71D-4EC3A965AA9E}.Debug|Mixed Platforms.Build.0 = Debug|Any CPU
		{B177088B-C1D6-42D0-A71D-4EC3A965AA9E}.Debug|Win32.ActiveCfg = Debug|Any CPU
		{B177088B-C1D6-42D0-A71D-4EC3A965AA9E}.Release|Any CPU.ActiveCfg = Release|Any CPU
		{B177088B-C1D6-42D0-A71D-4EC3A965AA9E}.Release|Any CPU.Build.0 = Release|Any CPU
		{B177088B-C1D6-42D0-A71D-4EC3A965AA9E}.Release|Mixed Platforms.ActiveCfg = Release|Any CPU
		{B177088B-C1D6-42D0-A71D-4EC3A965AA9E}.Release|Mixed Platforms.Build.0 = Release|Any CPU
		{B177088B-C1D6-42D0-A71D-4EC3A965AA9E}.Release|Win32.ActiveCfg = Release|Any CPU
		{3333620B-E4AA-48FA-AC9E-FAD97B1C17ED}.Debug|Any CPU.ActiveCfg = Debug|Any CPU
		{3333620B-E4AA-48FA-AC9E-FAD97B1C17ED}.Debug|Any CPU.Build.0 = Debug|Any CPU
		{3333620B-E4AA-48FA-AC9E-FAD97B1C17ED}.Debug|Mixed Platforms.ActiveCfg = Debug|Any CPU
		{3333620B-E4AA-48FA-AC9E-FAD97B1C17ED}.Debug|Mixed Platforms.Build.0 = Debug|Any CPU
		{3333620B-E4AA-48FA-AC9E-FAD97B1C17ED}.Debug|Win32.ActiveCfg = Debug|Any CPU
		{3333620B-E4AA-48FA-AC9E-FAD97B1C17ED}.Release|Any CPU.ActiveCfg = Release|Any CPU
		{3333620B-E4AA-48FA-AC9E-FAD97B1C17ED}.Release|Any CPU.Build.0 = Release|Any CPU
		{3333620B-E4AA-48FA-AC9E-FAD97B1C17ED}.Release|Mixed Platforms.ActiveCfg = Release|Any CPU
		{3333620B-E4AA-48FA-AC9E-FAD97B1C17ED}.Release|Mixed Platforms.Build.0 = Release|Any CPU
		{3333620B-E4AA-48FA-AC9E-FAD97B1C17ED}.Release|Win32.ActiveCfg = Release|Any CPU
		{606FDB3F-628E-4D48-9735-3A6F54F1B010}.Debug|Any CPU.ActiveCfg = Debug|Any CPU
		{606FDB3F-628E-4D48-9735-3A6F54F1B010}.Debug|Any CPU.Build.0 = Debug|Any CPU
		{606FDB3F-628E-4D48-9735-3A6F54F1B010}.Debug|Mixed Platforms.ActiveCfg = Debug|Any CPU
		{606FDB3F-628E-4D48-9735-3A6F54F1B010}.Debug|Mixed Platforms.Build.0 = Debug|Any CPU
		{606FDB3F-628E-4D48-9735-3A6F54F1B010}.Debug|Win32.ActiveCfg = Debug|Any CPU
		{606FDB3F-628E-4D48-9735-3A6F54F1B010}.Release|Any CPU.ActiveCfg = Release|Any CPU
		{606FDB3F-628E-4D48-9735-3A6F54F1B010}.Release|Any CPU.Build.0 = Release|Any CPU
		{606FDB3F-628E-4D48-9735-3A6F54F1B010}.Release|Mixed Platforms.ActiveCfg = Release|Any CPU
		{606FDB3F-628E-4D48-9735-3A6F54F1B010}.Release|Mixed Platforms.Build.0 = Release|Any CPU
		{606FDB3F-628E-4D48-9735-3A6F54F1B010}.Release|Win32.ActiveCfg = Release|Any CPU
		{AC47C0D4-B22A-4CED-B06B-50B828D56B07}.Debug|Any CPU.ActiveCfg = Debug|Any CPU
		{AC47C0D4-B22A-4CED-B06B-50B828D56B07}.Debug|Any CPU.Build.0 = Debug|Any CPU
		{AC47C0D4-B22A-4CED-B06B-50B828D56B07}.Debug|Mixed Platforms.ActiveCfg = Debug|Any CPU
		{AC47C0D4-B22A-4CED-B06B-50B828D56B07}.Debug|Mixed Platforms.Build.0 = Debug|Any CPU
		{AC47C0D4-B22A-4CED-B06B-50B828D56B07}.Debug|Win32.ActiveCfg = Debug|Any CPU
		{AC47C0D4-B22A-4CED-B06B-50B828D56B07}.Release|Any CPU.ActiveCfg = Release|Any CPU
		{AC47C0D4-B22A-4CED-B06B-50B828D56B07}.Release|Any CPU.Build.0 = Release|Any CPU
		{AC47C0D4-B22A-4CED-B06B-50B828D56B07}.Release|Mixed Platforms.ActiveCfg = Release|Any CPU
		{AC47C0D4-B22A-4CED-B06B-50B828D56B07}.Release|Mixed Platforms.Build.0 = Release|Any CPU
		{AC47C0D4-B22A-4CED-B06B-50B828D56B07}.Release|Win32.ActiveCfg = Release|Any CPU
		{7D76EB73-4742-45C7-84A6-F50B9961D874}.Debug|Any CPU.ActiveCfg = Debug|Any CPU
		{7D76EB73-4742-45C7-84A6-F50B9961D874}.Debug|Any CPU.Build.0 = Debug|Any CPU
		{7D76EB73-4742-45C7-84A6-F50B9961D874}.Debug|Mixed Platforms.ActiveCfg = Debug|Any CPU
		{7D76EB73-4742-45C7-84A6-F50B9961D874}.Debug|Mixed Platforms.Build.0 = Debug|Any CPU
		{7D76EB73-4742-45C7-84A6-F50B9961D874}.Debug|Win32.ActiveCfg = Debug|Any CPU
		{7D76EB73-4742-45C7-84A6-F50B9961D874}.Release|Any CPU.ActiveCfg = Release|Any CPU
		{7D76EB73-4742-45C7-84A6-F50B9961D874}.Release|Any CPU.Build.0 = Release|Any CPU
		{7D76EB73-4742-45C7-84A6-F50B9961D874}.Release|Mixed Platforms.ActiveCfg = Release|Any CPU
		{7D76EB73-4742-45C7-84A6-F50B9961D874}.Release|Mixed Platforms.Build.0 = Release|Any CPU
		{7D76EB73-4742-45C7-84A6-F50B9961D874}.Release|Win32.ActiveCfg = Release|Any CPU
		{185F3662-2F7F-4945-9156-9AAB127281AB}.Debug|Any CPU.ActiveCfg = Debug|Any CPU
		{185F3662-2F7F-4945-9156-9AAB127281AB}.Debug|Any CPU.Build.0 = Debug|Any CPU
		{185F3662-2F7F-4945-9156-9AAB127281AB}.Debug|Mixed Platforms.ActiveCfg = Debug|Any CPU
		{185F3662-2F7F-4945-9156-9AAB127281AB}.Debug|Mixed Platforms.Build.0 = Debug|Any CPU
		{185F3662-2F7F-4945-9156-9AAB127281AB}.Debug|Win32.ActiveCfg = Debug|Any CPU
		{185F3662-2F7F-4945-9156-9AAB127281AB}.Release|Any CPU.ActiveCfg = Release|Any CPU
		{185F3662-2F7F-4945-9156-9AAB127281AB}.Release|Any CPU.Build.0 = Release|Any CPU
		{185F3662-2F7F-4945-9156-9AAB127281AB}.Release|Mixed Platforms.ActiveCfg = Release|Any CPU
		{185F3662-2F7F-4945-9156-9AAB127281AB}.Release|Mixed Platforms.Build.0 = Release|Any CPU
		{185F3662-2F7F-4945-9156-9AAB127281AB}.Release|Win32.ActiveCfg = Release|Any CPU
		{8B1A1553-D47C-4A98-AD2C-11F3B38BC74A}.Debug|Any CPU.ActiveCfg = Debug|Any CPU
		{8B1A1553-D47C-4A98-AD2C-11F3B38BC74A}.Debug|Any CPU.Build.0 = Debug|Any CPU
		{8B1A1553-D47C-4A98-AD2C-11F3B38BC74A}.Debug|Mixed Platforms.ActiveCfg = Debug|Any CPU
		{8B1A1553-D47C-4A98-AD2C-11F3B38BC74A}.Debug|Mixed Platforms.Build.0 = Debug|Any CPU
		{8B1A1553-D47C-4A98-AD2C-11F3B38BC74A}.Debug|Win32.ActiveCfg = Debug|Any CPU
		{8B1A1553-D47C-4A98-AD2C-11F3B38BC74A}.Release|Any CPU.ActiveCfg = Release|Any CPU
		{8B1A1553-D47C-4A98-AD2C-11F3B38BC74A}.Release|Any CPU.Build.0 = Release|Any CPU
		{8B1A1553-D47C-4A98-AD2C-11F3B38BC74A}.Release|Mixed Platforms.ActiveCfg = Release|Any CPU
		{8B1A1553-D47C-4A98-AD2C-11F3B38BC74A}.Release|Mixed Platforms.Build.0 = Release|Any CPU
		{8B1A1553-D47C-4A98-AD2C-11F3B38BC74A}.Release|Win32.ActiveCfg = Release|Any CPU
		{A3D5D202-89FE-4E14-A91C-5F822799D92B}.Debug|Any CPU.ActiveCfg = Debug|Any CPU
		{A3D5D202-89FE-4E14-A91C-5F822799D92B}.Debug|Any CPU.Build.0 = Debug|Any CPU
		{A3D5D202-89FE-4E14-A91C-5F822799D92B}.Debug|Mixed Platforms.ActiveCfg = Debug|Any CPU
		{A3D5D202-89FE-4E14-A91C-5F822799D92B}.Debug|Mixed Platforms.Build.0 = Debug|Any CPU
		{A3D5D202-89FE-4E14-A91C-5F822799D92B}.Debug|Win32.ActiveCfg = Debug|Any CPU
		{A3D5D202-89FE-4E14-A91C-5F822799D92B}.Release|Any CPU.ActiveCfg = Release|Any CPU
		{A3D5D202-89FE-4E14-A91C-5F822799D92B}.Release|Any CPU.Build.0 = Release|Any CPU
		{A3D5D202-89FE-4E14-A91C-5F822799D92B}.Release|Mixed Platforms.ActiveCfg = Release|Any CPU
		{A3D5D202-89FE-4E14-A91C-5F822799D92B}.Release|Mixed Platforms.Build.0 = Release|Any CPU
		{A3D5D202-89FE-4E14-A91C-5F822799D92B}.Release|Win32.ActiveCfg = Release|Any CPU
		{FEA5D314-EB1F-4CB7-A199-055C20FD01BC}.Debug|Any CPU.ActiveCfg = Debug|Any CPU
		{FEA5D314-EB1F-4CB7-A199-055C20FD01BC}.Debug|Any CPU.Build.0 = Debug|Any CPU
		{FEA5D314-EB1F-4CB7-A199-055C20FD01BC}.Debug|Mixed Platforms.ActiveCfg = Debug|Any CPU
		{FEA5D314-EB1F-4CB7-A199-055C20FD01BC}.Debug|Mixed Platforms.Build.0 = Debug|Any CPU
		{FEA5D314-EB1F-4CB7-A199-055C20FD01BC}.Debug|Win32.ActiveCfg = Debug|Any CPU
		{FEA5D314-EB1F-4CB7-A199-055C20FD01BC}.Release|Any CPU.ActiveCfg = Release|Any CPU
		{FEA5D314-EB1F-4CB7-A199-055C20FD01BC}.Release|Any CPU.Build.0 = Release|Any CPU
		{FEA5D314-EB1F-4CB7-A199-055C20FD01BC}.Release|Mixed Platforms.ActiveCfg = Release|Any CPU
		{FEA5D314-EB1F-4CB7-A199-055C20FD01BC}.Release|Mixed Platforms.Build.0 = Release|Any CPU
		{FEA5D314-EB1F-4CB7-A199-055C20FD01BC}.Release|Win32.ActiveCfg = Release|Any CPU
		{EABEA70C-A5D1-4D08-A981-CDCF5DEE221F}.Debug|Any CPU.ActiveCfg = Debug|Win32
		{EABEA70C-A5D1-4D08-A981-CDCF5DEE221F}.Debug|Mixed Platforms.ActiveCfg = Debug|Win32
		{EABEA70C-A5D1-4D08-A981-CDCF5DEE221F}.Debug|Mixed Platforms.Build.0 = Debug|Win32
		{EABEA70C-A5D1-4D08-A981-CDCF5DEE221F}.Debug|Win32.ActiveCfg = Debug|Win32
		{EABEA70C-A5D1-4D08-A981-CDCF5DEE221F}.Debug|Win32.Build.0 = Debug|Win32
		{EABEA70C-A5D1-4D08-A981-CDCF5DEE221F}.Release|Any CPU.ActiveCfg = Release|Win32
		{EABEA70C-A5D1-4D08-A981-CDCF5DEE221F}.Release|Mixed Platforms.ActiveCfg = Release|Win32
		{EABEA70C-A5D1-4D08-A981-CDCF5DEE221F}.Release|Mixed Platforms.Build.0 = Release|Win32
		{EABEA70C-A5D1-4D08-A981-CDCF5DEE221F}.Release|Win32.ActiveCfg = Release|Win32
		{EABEA70C-A5D1-4D08-A981-CDCF5DEE221F}.Release|Win32.Build.0 = Release|Win32
		{71D418A9-0136-4DA1-8451-C812E67459E7}.Debug|Any CPU.ActiveCfg = Debug|Win32
		{71D418A9-0136-4DA1-8451-C812E67459E7}.Debug|Mixed Platforms.ActiveCfg = Debug|Win32
		{71D418A9-0136-4DA1-8451-C812E67459E7}.Debug|Mixed Platforms.Build.0 = Debug|Win32
		{71D418A9-0136-4DA1-8451-C812E67459E7}.Debug|Win32.ActiveCfg = Debug|Win32
		{71D418A9-0136-4DA1-8451-C812E67459E7}.Debug|Win32.Build.0 = Debug|Win32
		{71D418A9-0136-4DA1-8451-C812E67459E7}.Release|Any CPU.ActiveCfg = Release|Win32
		{71D418A9-0136-4DA1-8451-C812E67459E7}.Release|Mixed Platforms.ActiveCfg = Release|Win32
		{71D418A9-0136-4DA1-8451-C812E67459E7}.Release|Mixed Platforms.Build.0 = Release|Win32
		{71D418A9-0136-4DA1-8451-C812E67459E7}.Release|Win32.ActiveCfg = Release|Win32
		{71D418A9-0136-4DA1-8451-C812E67459E7}.Release|Win32.Build.0 = Release|Win32
		{8C9668C8-818F-4D67-A7A7-6CF7ED449BEC}.Debug|Any CPU.ActiveCfg = Debug|Any CPU
		{8C9668C8-818F-4D67-A7A7-6CF7ED449BEC}.Debug|Any CPU.Build.0 = Debug|Any CPU
		{8C9668C8-818F-4D67-A7A7-6CF7ED449BEC}.Debug|Mixed Platforms.ActiveCfg = Debug|Any CPU
		{8C9668C8-818F-4D67-A7A7-6CF7ED449BEC}.Debug|Mixed Platforms.Build.0 = Debug|Any CPU
		{8C9668C8-818F-4D67-A7A7-6CF7ED449BEC}.Debug|Win32.ActiveCfg = Debug|Any CPU
		{8C9668C8-818F-4D67-A7A7-6CF7ED449BEC}.Release|Any CPU.ActiveCfg = Release|Any CPU
		{8C9668C8-818F-4D67-A7A7-6CF7ED449BEC}.Release|Any CPU.Build.0 = Release|Any CPU
		{8C9668C8-818F-4D67-A7A7-6CF7ED449BEC}.Release|Mixed Platforms.ActiveCfg = Release|Any CPU
		{8C9668C8-818F-4D67-A7A7-6CF7ED449BEC}.Release|Mixed Platforms.Build.0 = Release|Any CPU
		{8C9668C8-818F-4D67-A7A7-6CF7ED449BEC}.Release|Win32.ActiveCfg = Release|Any CPU
		{86472CA1-4169-4727-9AD0-4B8FE6ABB233}.Debug|Any CPU.ActiveCfg = Debug|Any CPU
		{86472CA1-4169-4727-9AD0-4B8FE6ABB233}.Debug|Any CPU.Build.0 = Debug|Any CPU
		{86472CA1-4169-4727-9AD0-4B8FE6ABB233}.Debug|Mixed Platforms.ActiveCfg = Debug|Any CPU
		{86472CA1-4169-4727-9AD0-4B8FE6ABB233}.Debug|Mixed Platforms.Build.0 = Debug|Any CPU
		{86472CA1-4169-4727-9AD0-4B8FE6ABB233}.Debug|Win32.ActiveCfg = Debug|Any CPU
		{86472CA1-4169-4727-9AD0-4B8FE6ABB233}.Release|Any CPU.ActiveCfg = Release|Any CPU
		{86472CA1-4169-4727-9AD0-4B8FE6ABB233}.Release|Any CPU.Build.0 = Release|Any CPU
		{86472CA1-4169-4727-9AD0-4B8FE6ABB233}.Release|Mixed Platforms.ActiveCfg = Release|Any CPU
		{86472CA1-4169-4727-9AD0-4B8FE6ABB233}.Release|Mixed Platforms.Build.0 = Release|Any CPU
		{86472CA1-4169-4727-9AD0-4B8FE6ABB233}.Release|Win32.ActiveCfg = Release|Any CPU
		{C55B842F-C146-4EB1-B859-E715A70B0FC2}.Debug|Any CPU.ActiveCfg = Debug|Win32
		{C55B842F-C146-4EB1-B859-E715A70B0FC2}.Debug|Mixed Platforms.ActiveCfg = Debug|Win32
		{C55B842F-C146-4EB1-B859-E715A70B0FC2}.Debug|Mixed Platforms.Build.0 = Debug|Win32
		{C55B842F-C146-4EB1-B859-E715A70B0FC2}.Debug|Win32.ActiveCfg = Debug|Win32
		{C55B842F-C146-4EB1-B859-E715A70B0FC2}.Debug|Win32.Build.0 = Debug|Win32
		{C55B842F-C146-4EB1-B859-E715A70B0FC2}.Release|Any CPU.ActiveCfg = Release|Win32
		{C55B842F-C146-4EB1-B859-E715A70B0FC2}.Release|Mixed Platforms.ActiveCfg = Release|Win32
		{C55B842F-C146-4EB1-B859-E715A70B0FC2}.Release|Mixed Platforms.Build.0 = Release|Win32
		{C55B842F-C146-4EB1-B859-E715A70B0FC2}.Release|Win32.ActiveCfg = Release|Win32
		{C55B842F-C146-4EB1-B859-E715A70B0FC2}.Release|Win32.Build.0 = Release|Win32
		{7F97EB58-793F-401A-B7CD-651438BBD177}.Debug|Any CPU.ActiveCfg = Debug|Any CPU
		{7F97EB58-793F-401A-B7CD-651438BBD177}.Debug|Any CPU.Build.0 = Debug|Any CPU
		{7F97EB58-793F-401A-B7CD-651438BBD177}.Debug|Mixed Platforms.ActiveCfg = Debug|Any CPU
		{7F97EB58-793F-401A-B7CD-651438BBD177}.Debug|Mixed Platforms.Build.0 = Debug|Any CPU
		{7F97EB58-793F-401A-B7CD-651438BBD177}.Debug|Win32.ActiveCfg = Debug|Any CPU
		{7F97EB58-793F-401A-B7CD-651438BBD177}.Release|Any CPU.ActiveCfg = Release|Any CPU
		{7F97EB58-793F-401A-B7CD-651438BBD177}.Release|Any CPU.Build.0 = Release|Any CPU
		{7F97EB58-793F-401A-B7CD-651438BBD177}.Release|Mixed Platforms.ActiveCfg = Release|Any CPU
		{7F97EB58-793F-401A-B7CD-651438BBD177}.Release|Mixed Platforms.Build.0 = Release|Any CPU
		{7F97EB58-793F-401A-B7CD-651438BBD177}.Release|Win32.ActiveCfg = Release|Any CPU
		{E5181832-971D-49E1-BCAC-31188AB69DD1}.Debug|Any CPU.ActiveCfg = Debug|Any CPU
		{E5181832-971D-49E1-BCAC-31188AB69DD1}.Debug|Any CPU.Build.0 = Debug|Any CPU
		{E5181832-971D-49E1-BCAC-31188AB69DD1}.Debug|Mixed Platforms.ActiveCfg = Debug|Any CPU
		{E5181832-971D-49E1-BCAC-31188AB69DD1}.Debug|Mixed Platforms.Build.0 = Debug|Any CPU
		{E5181832-971D-49E1-BCAC-31188AB69DD1}.Debug|Win32.ActiveCfg = Debug|Any CPU
		{E5181832-971D-49E1-BCAC-31188AB69DD1}.Release|Any CPU.ActiveCfg = Release|Any CPU
		{E5181832-971D-49E1-BCAC-31188AB69DD1}.Release|Any CPU.Build.0 = Release|Any CPU
		{E5181832-971D-49E1-BCAC-31188AB69DD1}.Release|Mixed Platforms.ActiveCfg = Release|Any CPU
		{E5181832-971D-49E1-BCAC-31188AB69DD1}.Release|Mixed Platforms.Build.0 = Release|Any CPU
		{E5181832-971D-49E1-BCAC-31188AB69DD1}.Release|Win32.ActiveCfg = Release|Any CPU
	EndGlobalSection
	GlobalSection(SolutionProperties) = preSolution
		HideSolutionNode = FALSE
	EndGlobalSection
	GlobalSection(NestedProjects) = preSolution
		{1D50D623-393E-442C-9A4A-CF17133E349C} = {4F12D023-AE34-4C7B-8D1A-01E25B750C75}
		{A362AEC8-E216-43BF-93E6-538803922F97} = {4F12D023-AE34-4C7B-8D1A-01E25B750C75}
		{E5BBA35A-934C-4EEE-9661-1856D75BD17E} = {4F12D023-AE34-4C7B-8D1A-01E25B750C75}
		{23B14551-20D5-437F-BC17-BA70EA50184D} = {68CC7CC3-CA5F-4A76-9CE8-ABF7B449AF38}
		{228F60E4-4AAA-44F9-9A85-334192BD1897} = {68CC7CC3-CA5F-4A76-9CE8-ABF7B449AF38}
		{E466AB9B-9457-422E-BBA7-0AA52F9535D3} = {68CC7CC3-CA5F-4A76-9CE8-ABF7B449AF38}
		{C7C6AF7B-9770-45B7-9105-877C4A5DCED0} = {68CC7CC3-CA5F-4A76-9CE8-ABF7B449AF38}
		{CAB901C0-7A4E-4F0F-B27D-2B5E73548329} = {68CC7CC3-CA5F-4A76-9CE8-ABF7B449AF38}
		{CDB6769F-AC2F-472A-BAA2-E4534D4A8131} = {68CC7CC3-CA5F-4A76-9CE8-ABF7B449AF38}
		{2A7C0792-7F47-4B07-A665-56AB6BF15F71} = {68CC7CC3-CA5F-4A76-9CE8-ABF7B449AF38}
		{B177088B-C1D6-42D0-A71D-4EC3A965AA9E} = {68CC7CC3-CA5F-4A76-9CE8-ABF7B449AF38}
		{3333620B-E4AA-48FA-AC9E-FAD97B1C17ED} = {68CC7CC3-CA5F-4A76-9CE8-ABF7B449AF38}
		{606FDB3F-628E-4D48-9735-3A6F54F1B010} = {68CC7CC3-CA5F-4A76-9CE8-ABF7B449AF38}
		{AC47C0D4-B22A-4CED-B06B-50B828D56B07} = {68CC7CC3-CA5F-4A76-9CE8-ABF7B449AF38}
		{7D76EB73-4742-45C7-84A6-F50B9961D874} = {68CC7CC3-CA5F-4A76-9CE8-ABF7B449AF38}
		{185F3662-2F7F-4945-9156-9AAB127281AB} = {68CC7CC3-CA5F-4A76-9CE8-ABF7B449AF38}
		{8B1A1553-D47C-4A98-AD2C-11F3B38BC74A} = {68CC7CC3-CA5F-4A76-9CE8-ABF7B449AF38}
		{A3D5D202-89FE-4E14-A91C-5F822799D92B} = {68CC7CC3-CA5F-4A76-9CE8-ABF7B449AF38}
		{FEA5D314-EB1F-4CB7-A199-055C20FD01BC} = {68CC7CC3-CA5F-4A76-9CE8-ABF7B449AF38}
		{EABEA70C-A5D1-4D08-A981-CDCF5DEE221F} = {F64A4BA0-F853-4454-A3A6-550BB1DD82BC}
		{71D418A9-0136-4DA1-8451-C812E67459E7} = {F64A4BA0-F853-4454-A3A6-550BB1DD82BC}
		{8C9668C8-818F-4D67-A7A7-6CF7ED449BEC} = {D28A0697-F08C-47C7-8428-92A1BD8A0FAF}
		{86472CA1-4169-4727-9AD0-4B8FE6ABB233} = {00120518-A24D-4CEB-855A-459409D07769}
		{C55B842F-C146-4EB1-B859-E715A70B0FC2} = {00120518-A24D-4CEB-855A-459409D07769}
		{7F97EB58-793F-401A-B7CD-651438BBD177} = {00120518-A24D-4CEB-855A-459409D07769}
		{E5181832-971D-49E1-BCAC-31188AB69DD1} = {00120518-A24D-4CEB-855A-459409D07769}
	EndGlobalSection
EndGlobal
